
Microsoft Visual Studio Solution File, Format Version 12.00
# Visual Studio Version 17
VisualStudioVersion = 17.10.35027.167
MinimumVisualStudioVersion = 10.0.40219.1
Project("{FAE04EC0-301F-11D3-BF4B-00C04F79EFBC}") = "MyDayPlanner", "..\MyDayPlanner\MyDayPlanner.csproj", "{DAB03DF6-1322-4B44-9762-9183CC178467}"
EndProject
Global
	GlobalSection(SolutionConfigurationPlatforms) = preSolution
		Debug|Any CPU = Debug|Any CPU
		Release|Any CPU = Release|Any CPU
	EndGlobalSection
	GlobalSection(ProjectConfigurationPlatforms) = postSolution
		{DAB03DF6-1322-4B44-9762-9183CC178467}.Debug|Any CPU.ActiveCfg = Debug|Any CPU
		{DAB03DF6-1322-4B44-9762-9183CC178467}.Debug|Any CPU.Build.0 = Debug|Any CPU
		{DAB03DF6-1322-4B44-9762-9183CC178467}.Release|Any CPU.ActiveCfg = Release|Any CPU
		{DAB03DF6-1322-4B44-9762-9183CC178467}.Release|Any CPU.Build.0 = Release|Any CPU
	EndGlobalSection
	GlobalSection(SolutionProperties) = preSolution
		HideSolutionNode = FALSE
	EndGlobalSection
	GlobalSection(ExtensibilityGlobals) = postSolution
		SolutionGuid = {BF6ECF6E-35E4-4FD7-A480-1DE644FFD6F7}
	EndGlobalSection
EndGlobal
